{
  "name": "valley-server",
  "version": "1.0.19",
  "lockfileVersion": 1,
  "requires": true,
  "dependencies": {
    "debug": {
      "version": "3.1.0",
      "resolved": "https://registry.npmjs.org/debug/-/debug-3.1.0.tgz",
      "integrity": "sha512-OX8XqP7/1a9cqkxYw2yXss15f26NKWBpDXQd0/uK/KPqdQhxbPa994hnzjcE2VqQpDslf55723cKPUOGSmMY3g==",
      "requires": {
        "ms": "2.0.0"
      }
    },
    "ms": {
      "version": "2.0.0",
      "resolved": "https://registry.npmjs.org/ms/-/ms-2.0.0.tgz",
      "integrity": "sha1-VgiurfwAvmwpAd9fmGF4jeDVl8g="
    },
    "valley-module": {
      "version": "1.0.5",
      "resolved": "https://registry.npmjs.org/valley-module/-/valley-module-1.0.5.tgz",
      "integrity": "sha512-CONMLEju1TypdHOzwqVe3uYmfUagrm8MM2hzvKyRNi9zDW8IAoViZ+Po1g6gq3S6k6qxktse/4Jb1aDvapDRgg=="
    }
  }
}
